golang.design/x/thread v0.0.0-20210122121316-335e9adffdf1 h1:P7S/GeHBAFEZIYp0ePPs2kHXoazz8q2KsyxHyQVGCJg=
golang.design/x/thread v0.0.0-20210122121316-335e9adffdf1/go.mod h1:9CWpnTUmlQkfdpdutA1nNf4iE5lAVt3QZOu0Z6hahBE=
golang.org/x/exp v0.0.0-20221109205753-fc8884afc316 h1:FedCSp0+vayF11p3wAQndIgu+JTcW2nLp5M+HSefjlM=
golang.org/x/exp v0.0.0-20221109205753-fc8884afc316/go.mod h1:CxIveKay+FTh1D0yPZemJVgC/95VzuuOLq5Qi4xnoYc=
golang.org/x/sys v0.0.0-20210122093101-04d7465088b8/go.mod h1:h1NjWce9XRLGQEsW7wpKNCjG9DtNlClVuFLEZdDNbEs=
golang.org/x/sys v0.2.0 h1:ljd4t30dBnAvMZaQCevtY0xLLD0A+bRZXbgLMLU1F/A=
golang.org/x/sys v0.2.0/go.mod h1:oPkhp1MJrh7nUepCBck5+mAzfO9JrbApNNgaTdGDITg=
